
Microsoft Visual Studio Solution File, Format Version 12.00
# Visual Studio Version 16
VisualStudioVersion = 16.0.29519.181
MinimumVisualStudioVersion = 10.0.40219.1
Project("{FAE04EC0-301F-11D3-BF4B-00C04F79EFBC}") = "DDnsClient", "DDnsClient\DDnsClient.csproj", "{27849598-7F1B-49DA-94BF-624EE8734AF0}"
EndProject
Global
	GlobalSection(SolutionConfigurationPlatforms) = preSolution
		Debug|Any CPU = Debug|Any CPU
		Release|Any CPU = Release|Any CPU
	EndGlobalSection
	GlobalSection(ProjectConfigurationPlatforms) = postSolution
		{27849598-7F1B-49DA-94BF-624EE8734AF0}.Debug|Any CPU.ActiveCfg = Debug|Any CPU
		{27849598-7F1B-49DA-94BF-624EE8734AF0}.Debug|Any CPU.Build.0 = Debug|Any CPU
		{27849598-7F1B-49DA-94BF-624EE8734AF0}.Release|Any CPU.ActiveCfg = Release|Any CPU
		{27849598-7F1B-49DA-94BF-624EE8734AF0}.Release|Any CPU.Build.0 = Release|Any CPU
	EndGlobalSection
	GlobalSection(SolutionProperties) = preSolution
		HideSolutionNode = FALSE
	EndGlobalSection
	GlobalSection(ExtensibilityGlobals) = postSolution
		SolutionGuid = {F89778C6-CF66-48C8-9B28-578E5338494B}
	EndGlobalSection
EndGlobal
